{
  "name": "ODataV4",
  "version": "1.0.0",
  "lockfileVersion": 1,
  "requires": true,
  "dependencies": {
    "@openui5/sap.ui.core": {
      "version": "1.68.1",
      "resolved": "https://registry.npmjs.org/@openui5/sap.ui.core/-/sap.ui.core-1.68.1.tgz",
      "integrity": "sha512-jKEA2lQBelpHFRcf8R+L7wYbbRSGwl+BVqdKqhV2+nBt90eHOaqgW466JZfxTBlLIY6PJHGg113wskPlgsN9XQ=="
    },
    "@openui5/themelib_sap_belize": {
      "version": "1.68.1",
      "resolved": "https://registry.npmjs.org/@openui5/themelib_sap_belize/-/themelib_sap_belize-1.68.1.tgz",
      "integrity": "sha512-0r86ALESzE+eyIu699uLjn1eGvSFIZh5C5iCkka0eR/2VZ5wCczOJAdJHxDXCCf6b5/78DZOur1wi1tVqi7GnA=="
    }
  }
}
